
Microsoft Visual Studio Solution File, Format Version 12.00
# Visual Studio 15
VisualStudioVersion = 15.0.26228.9
MinimumVisualStudioVersion = 10.0.40219.1
Project("{FAE04EC0-301F-11D3-BF4B-00C04F79EFBC}") = "Upbit", "Upbit\Upbit.csproj", "{4680A0D8-1F2B-4DBD-8906-E5769BC0D5B3}"
EndProject
Project("{FAE04EC0-301F-11D3-BF4B-00C04F79EFBC}") = "ChromeRemote", "ChromeRemote\ChromeRemote.csproj", "{758FDA9D-2745-4193-9C1D-D6BA57D26ECF}"
EndProject
Project("{FAE04EC0-301F-11D3-BF4B-00C04F79EFBC}") = "Utils", "Utils\Utils.csproj", "{E501545F-0B40-434D-BC16-79838D9E08A0}"
EndProject
Global
	GlobalSection(SolutionConfigurationPlatforms) = preSolution
		Debug|Any CPU = Debug|Any CPU
		Release|Any CPU = Release|Any CPU
	EndGlobalSection
	GlobalSection(ProjectConfigurationPlatforms) = postSolution
		{4680A0D8-1F2B-4DBD-8906-E5769BC0D5B3}.Debug|Any CPU.ActiveCfg = Debug|Any CPU
		{4680A0D8-1F2B-4DBD-8906-E5769BC0D5B3}.Debug|Any CPU.Build.0 = Debug|Any CPU
		{4680A0D8-1F2B-4DBD-8906-E5769BC0D5B3}.Release|Any CPU.ActiveCfg = Release|Any CPU
		{4680A0D8-1F2B-4DBD-8906-E5769BC0D5B3}.Release|Any CPU.Build.0 = Release|Any CPU
		{758FDA9D-2745-4193-9C1D-D6BA57D26ECF}.Debug|Any CPU.ActiveCfg = Debug|Any CPU
		{758FDA9D-2745-4193-9C1D-D6BA57D26ECF}.Debug|Any CPU.Build.0 = Debug|Any CPU
		{758FDA9D-2745-4193-9C1D-D6BA57D26ECF}.Release|Any CPU.ActiveCfg = Release|Any CPU
		{758FDA9D-2745-4193-9C1D-D6BA57D26ECF}.Release|Any CPU.Build.0 = Release|Any CPU
		{E501545F-0B40-434D-BC16-79838D9E08A0}.Debug|Any CPU.ActiveCfg = Debug|Any CPU
		{E501545F-0B40-434D-BC16-79838D9E08A0}.Debug|Any CPU.Build.0 = Debug|Any CPU
		{E501545F-0B40-434D-BC16-79838D9E08A0}.Release|Any CPU.ActiveCfg = Release|Any CPU
		{E501545F-0B40-434D-BC16-79838D9E08A0}.Release|Any CPU.Build.0 = Release|Any CPU
	EndGlobalSection
	GlobalSection(SolutionProperties) = preSolution
		HideSolutionNode = FALSE
	EndGlobalSection
EndGlobal
